
Microsoft Visual Studio Solution File, Format Version 12.00
# Visual Studio 15
VisualStudioVersion = 15.0.28307.329
MinimumVisualStudioVersion = 10.0.40219.1
Project("{FAE04EC0-301F-11D3-BF4B-00C04F79EFBC}") = "contacto", "contacto\contacto.csproj", "{BA20C167-9B40-47BC-B3D8-50907CF8BB79}"
EndProject
Project("{FAE04EC0-301F-11D3-BF4B-00C04F79EFBC}") = "apiContact", "apiContact\apiContact.csproj", "{5C25A988-C47D-445C-827F-166B405DE565}"
EndProject
Project("{FAE04EC0-301F-11D3-BF4B-00C04F79EFBC}") = "appContacto.Android", "appContacto\appContacto.Android\appContacto.Android.csproj", "{D35026A2-5BB8-4CCF-8EAD-F80579185B0B}"
EndProject
Project("{FAE04EC0-301F-11D3-BF4B-00C04F79EFBC}") = "appContacto.iOS", "appContacto\appContacto.iOS\appContacto.iOS.csproj", "{905ED63C-527B-43AA-9E9B-FA0569617CBF}"
EndProject
Project("{FAE04EC0-301F-11D3-BF4B-00C04F79EFBC}") = "appContacto", "appContacto\appContacto\appContacto.csproj", "{369CE067-1C96-41DB-9B8C-ABE67CC62483}"
EndProject
Global
	GlobalSection(SolutionConfigurationPlatforms) = preSolution
		Ad-Hoc|Any CPU = Ad-Hoc|Any CPU
		Ad-Hoc|iPhone = Ad-Hoc|iPhone
		Ad-Hoc|iPhoneSimulator = Ad-Hoc|iPhoneSimulator
		AppStore|Any CPU = AppStore|Any CPU
		AppStore|iPhone = AppStore|iPhone
		AppStore|iPhoneSimulator = AppStore|iPhoneSimulator
		Debug|Any CPU = Debug|Any CPU
		Debug|iPhone = Debug|iPhone
		Debug|iPhoneSimulator = Debug|iPhoneSimulator
		Release|Any CPU = Release|Any CPU
		Release|iPhone = Release|iPhone
		Release|iPhoneSimulator = Release|iPhoneSimulator
	EndGlobalSection
	GlobalSection(ProjectConfigurationPlatforms) = postSolution
		{BA20C167-9B40-47BC-B3D8-50907CF8BB79}.Ad-Hoc|Any CPU.ActiveCfg = Release|Any CPU
		{BA20C167-9B40-47BC-B3D8-50907CF8BB79}.Ad-Hoc|Any CPU.Build.0 = Release|Any CPU
		{BA20C167-9B40-47BC-B3D8-50907CF8BB79}.Ad-Hoc|iPhone.ActiveCfg = Release|Any CPU
		{BA20C167-9B40-47BC-B3D8-50907CF8BB79}.Ad-Hoc|iPhone.Build.0 = Release|Any CPU
		{BA20C167-9B40-47BC-B3D8-50907CF8BB79}.Ad-Hoc|iPhoneSimulator.ActiveCfg = Release|Any CPU
		{BA20C167-9B40-47BC-B3D8-50907CF8BB79}.Ad-Hoc|iPhoneSimulator.Build.0 = Release|Any CPU
		{BA20C167-9B40-47BC-B3D8-50907CF8BB79}.AppStore|Any CPU.ActiveCfg = Release|Any CPU
		{BA20C167-9B40-47BC-B3D8-50907CF8BB79}.AppStore|Any CPU.Build.0 = Release|Any CPU
		{BA20C167-9B40-47BC-B3D8-50907CF8BB79}.AppStore|iPhone.ActiveCfg = Release|Any CPU
		{BA20C167-9B40-47BC-B3D8-50907CF8BB79}.AppStore|iPhone.Build.0 = Release|Any CPU
		{BA20C167-9B40-47BC-B3D8-50907CF8BB79}.AppStore|iPhoneSimulator.ActiveCfg = Release|Any CPU
		{BA20C167-9B40-47BC-B3D8-50907CF8BB79}.AppStore|iPhoneSimulator.Build.0 = Release|Any CPU
		{BA20C167-9B40-47BC-B3D8-50907CF8BB79}.Debug|Any CPU.ActiveCfg = Debug|Any CPU
		{BA20C167-9B40-47BC-B3D8-50907CF8BB79}.Debug|Any CPU.Build.0 = Debug|Any CPU
		{BA20C167-9B40-47BC-B3D8-50907CF8BB79}.Debug|iPhone.ActiveCfg = Debug|Any CPU
		{BA20C167-9B40-47BC-B3D8-50907CF8BB79}.Debug|iPhone.Build.0 = Debug|Any CPU
		{BA20C167-9B40-47BC-B3D8-50907CF8BB79}.Debug|iPhoneSimulator.ActiveCfg = Debug|Any CPU
		{BA20C167-9B40-47BC-B3D8-50907CF8BB79}.Debug|iPhoneSimulator.Build.0 = Debug|Any CPU
		{BA20C167-9B40-47BC-B3D8-50907CF8BB79}.Release|Any CPU.ActiveCfg = Release|Any CPU
		{BA20C167-9B40-47BC-B3D8-50907CF8BB79}.Release|Any CPU.Build.0 = Release|Any CPU
		{BA20C167-9B40-47BC-B3D8-50907CF8BB79}.Release|iPhone.ActiveCfg = Release|Any CPU
		{BA20C167-9B40-47BC-B3D8-50907CF8BB79}.Release|iPhone.Build.0 = Release|Any CPU
		{BA20C167-9B40-47BC-B3D8-50907CF8BB79}.Release|iPhoneSimulator.ActiveCfg = Release|Any CPU
		{BA20C167-9B40-47BC-B3D8-50907CF8BB79}.Release|iPhoneSimulator.Build.0 = Release|Any CPU
		{5C25A988-C47D-445C-827F-166B405DE565}.Ad-Hoc|Any CPU.ActiveCfg = Release|Any CPU
		{5C25A988-C47D-445C-827F-166B405DE565}.Ad-Hoc|Any CPU.Build.0 = Release|Any CPU
		{5C25A988-C47D-445C-827F-166B405DE565}.Ad-Hoc|iPhone.ActiveCfg = Release|Any CPU
		{5C25A988-C47D-445C-827F-166B405DE565}.Ad-Hoc|iPhone.Build.0 = Release|Any CPU
		{5C25A988-C47D-445C-827F-166B405DE565}.Ad-Hoc|iPhoneSimulator.ActiveCfg = Release|Any CPU
		{5C25A988-C47D-445C-827F-166B405DE565}.Ad-Hoc|iPhoneSimulator.Build.0 = Release|Any CPU
		{5C25A988-C47D-445C-827F-166B405DE565}.AppStore|Any CPU.ActiveCfg = Release|Any CPU
		{5C25A988-C47D-445C-827F-166B405DE565}.AppStore|Any CPU.Build.0 = Release|Any CPU
		{5C25A988-C47D-445C-827F-166B405DE565}.AppStore|iPhone.ActiveCfg = Release|Any CPU
		{5C25A988-C47D-445C-827F-166B405DE565}.AppStore|iPhone.Build.0 = Release|Any CPU
		{5C25A988-C47D-445C-827F-166B405DE565}.AppStore|iPhoneSimulator.ActiveCfg = Release|Any CPU
		{5C25A988-C47D-445C-827F-166B405DE565}.AppStore|iPhoneSimulator.Build.0 = Release|Any CPU
		{5C25A988-C47D-445C-827F-166B405DE565}.Debug|Any CPU.ActiveCfg = Debug|Any CPU
		{5C25A988-C47D-445C-827F-166B405DE565}.Debug|Any CPU.Build.0 = Debug|Any CPU
		{5C25A988-C47D-445C-827F-166B405DE565}.Debug|iPhone.ActiveCfg = Debug|Any CPU
		{5C25A988-C47D-445C-827F-166B405DE565}.Debug|iPhone.Build.0 = Debug|Any CPU
		{5C25A988-C47D-445C-827F-166B405DE565}.Debug|iPhoneSimulator.ActiveCfg = Debug|Any CPU
		{5C25A988-C47D-445C-827F-166B405DE565}.Debug|iPhoneSimulator.Build.0 = Debug|Any CPU
		{5C25A988-C47D-445C-827F-166B405DE565}.Release|Any CPU.ActiveCfg = Release|Any CPU
		{5C25A988-C47D-445C-827F-166B405DE565}.Release|Any CPU.Build.0 = Release|Any CPU
		{5C25A988-C47D-445C-827F-166B405DE565}.Release|iPhone.ActiveCfg = Release|Any CPU
		{5C25A988-C47D-445C-827F-166B405DE565}.Release|iPhone.Build.0 = Release|Any CPU
		{5C25A988-C47D-445C-827F-166B405DE565}.Release|iPhoneSimulator.ActiveCfg = Release|Any CPU
		{5C25A988-C47D-445C-827F-166B405DE565}.Release|iPhoneSimulator.Build.0 = Release|Any CPU
		{D35026A2-5BB8-4CCF-8EAD-F80579185B0B}.Ad-Hoc|Any CPU.ActiveCfg = Release|Any CPU
		{D35026A2-5BB8-4CCF-8EAD-F80579185B0B}.Ad-Hoc|Any CPU.Build.0 = Release|Any CPU
		{D35026A2-5BB8-4CCF-8EAD-F80579185B0B}.Ad-Hoc|Any CPU.Deploy.0 = Release|Any CPU
		{D35026A2-5BB8-4CCF-8EAD-F80579185B0B}.Ad-Hoc|iPhone.ActiveCfg = Release|Any CPU
		{D35026A2-5BB8-4CCF-8EAD-F80579185B0B}.Ad-Hoc|iPhone.Build.0 = Release|Any CPU
		{D35026A2-5BB8-4CCF-8EAD-F80579185B0B}.Ad-Hoc|iPhone.Deploy.0 = Release|Any CPU
		{D35026A2-5BB8-4CCF-8EAD-F80579185B0B}.Ad-Hoc|iPhoneSimulator.ActiveCfg = Release|Any CPU
		{D35026A2-5BB8-4CCF-8EAD-F80579185B0B}.Ad-Hoc|iPhoneSimulator.Build.0 = Release|Any CPU
		{D35026A2-5BB8-4CCF-8EAD-F80579185B0B}.Ad-Hoc|iPhoneSimulator.Deploy.0 = Release|Any CPU
		{D35026A2-5BB8-4CCF-8EAD-F80579185B0B}.AppStore|Any CPU.ActiveCfg = Release|Any CPU
		{D35026A2-5BB8-4CCF-8EAD-F80579185B0B}.AppStore|Any CPU.Build.0 = Release|Any CPU
		{D35026A2-5BB8-4CCF-8EAD-F80579185B0B}.AppStore|Any CPU.Deploy.0 = Release|Any CPU
		{D35026A2-5BB8-4CCF-8EAD-F80579185B0B}.AppStore|iPhone.ActiveCfg = Release|Any CPU
		{D35026A2-5BB8-4CCF-8EAD-F80579185B0B}.AppStore|iPhone.Build.0 = Release|Any CPU
		{D35026A2-5BB8-4CCF-8EAD-F80579185B0B}.AppStore|iPhone.Deploy.0 = Release|Any CPU
		{D35026A2-5BB8-4CCF-8EAD-F80579185B0B}.AppStore|iPhoneSimulator.ActiveCfg = Release|Any CPU
		{D35026A2-5BB8-4CCF-8EAD-F80579185B0B}.AppStore|iPhoneSimulator.Build.0 = Release|Any CPU
		{D35026A2-5BB8-4CCF-8EAD-F80579185B0B}.AppStore|iPhoneSimulator.Deploy.0 = Release|Any CPU
		{D35026A2-5BB8-4CCF-8EAD-F80579185B0B}.Debug|Any CPU.ActiveCfg = Debug|Any CPU
		{D35026A2-5BB8-4CCF-8EAD-F80579185B0B}.Debug|Any CPU.Build.0 = Debug|Any CPU
		{D35026A2-5BB8-4CCF-8EAD-F80579185B0B}.Debug|Any CPU.Deploy.0 = Debug|Any CPU
		{D35026A2-5BB8-4CCF-8EAD-F80579185B0B}.Debug|iPhone.ActiveCfg = Debug|Any CPU
		{D35026A2-5BB8-4CCF-8EAD-F80579185B0B}.Debug|iPhone.Build.0 = Debug|Any CPU
		{D35026A2-5BB8-4CCF-8EAD-F80579185B0B}.Debug|iPhone.Deploy.0 = Debug|Any CPU
		{D35026A2-5BB8-4CCF-8EAD-F80579185B0B}.Debug|iPhoneSimulator.ActiveCfg = Debug|Any CPU
		{D35026A2-5BB8-4CCF-8EAD-F80579185B0B}.Debug|iPhoneSimulator.Build.0 = Debug|Any CPU
		{D35026A2-5BB8-4CCF-8EAD-F80579185B0B}.Debug|iPhoneSimulator.Deploy.0 = Debug|Any CPU
		{D35026A2-5BB8-4CCF-8EAD-F80579185B0B}.Release|Any CPU.ActiveCfg = Release|Any CPU
		{D35026A2-5BB8-4CCF-8EAD-F80579185B0B}.Release|Any CPU.Build.0 = Release|Any CPU
		{D35026A2-5BB8-4CCF-8EAD-F80579185B0B}.Release|Any CPU.Deploy.0 = Release|Any CPU
		{D35026A2-5BB8-4CCF-8EAD-F80579185B0B}.Release|iPhone.ActiveCfg = Release|Any CPU
		{D35026A2-5BB8-4CCF-8EAD-F80579185B0B}.Release|iPhone.Build.0 = Release|Any CPU
		{D35026A2-5BB8-4CCF-8EAD-F80579185B0B}.Release|iPhone.Deploy.0 = Release|Any CPU
		{D35026A2-5BB8-4CCF-8EAD-F80579185B0B}.Release|iPhoneSimulator.ActiveCfg = Release|Any CPU
		{D35026A2-5BB8-4CCF-8EAD-F80579185B0B}.Release|iPhoneSimulator.Build.0 = Release|Any CPU
		{D35026A2-5BB8-4CCF-8EAD-F80579185B0B}.Release|iPhoneSimulator.Deploy.0 = Release|Any CPU
		{905ED63C-527B-43AA-9E9B-FA0569617CBF}.Ad-Hoc|Any CPU.ActiveCfg = Ad-Hoc|iPhone
		{905ED63C-527B-43AA-9E9B-FA0569617CBF}.Ad-Hoc|iPhone.ActiveCfg = Ad-Hoc|iPhone
		{905ED63C-527B-43AA-9E9B-FA0569617CBF}.Ad-Hoc|iPhone.Build.0 = Ad-Hoc|iPhone
		{905ED63C-527B-43AA-9E9B-FA0569617CBF}.Ad-Hoc|iPhoneSimulator.ActiveCfg = Ad-Hoc|iPhoneSimulator
		{905ED63C-527B-43AA-9E9B-FA0569617CBF}.Ad-Hoc|iPhoneSimulator.Build.0 = Ad-Hoc|iPhoneSimulator
		{905ED63C-527B-43AA-9E9B-FA0569617CBF}.AppStore|Any CPU.ActiveCfg = AppStore|iPhone
		{905ED63C-527B-43AA-9E9B-FA0569617CBF}.AppStore|iPhone.ActiveCfg = AppStore|iPhone
		{905ED63C-527B-43AA-9E9B-FA0569617CBF}.AppStore|iPhone.Build.0 = AppStore|iPhone
		{905ED63C-527B-43AA-9E9B-FA0569617CBF}.AppStore|iPhoneSimulator.ActiveCfg = AppStore|iPhoneSimulator
		{905ED63C-527B-43AA-9E9B-FA0569617CBF}.AppStore|iPhoneSimulator.Build.0 = AppStore|iPhoneSimulator
		{905ED63C-527B-43AA-9E9B-FA0569617CBF}.Debug|Any CPU.ActiveCfg = Debug|iPhone
		{905ED63C-527B-43AA-9E9B-FA0569617CBF}.Debug|iPhone.ActiveCfg = Debug|iPhone
		{905ED63C-527B-43AA-9E9B-FA0569617CBF}.Debug|iPhone.Build.0 = Debug|iPhone
		{905ED63C-527B-43AA-9E9B-FA0569617CBF}.Debug|iPhoneSimulator.ActiveCfg = Debug|iPhoneSimulator
		{905ED63C-527B-43AA-9E9B-FA0569617CBF}.Debug|iPhoneSimulator.Build.0 = Debug|iPhoneSimulator
		{905ED63C-527B-43AA-9E9B-FA0569617CBF}.Release|Any CPU.ActiveCfg = Release|iPhone
		{905ED63C-527B-43AA-9E9B-FA0569617CBF}.Release|iPhone.ActiveCfg = Release|iPhone
		{905ED63C-527B-43AA-9E9B-FA0569617CBF}.Release|iPhone.Build.0 = Release|iPhone
		{905ED63C-527B-43AA-9E9B-FA0569617CBF}.Release|iPhoneSimulator.ActiveCfg = Release|iPhoneSimulator
		{905ED63C-527B-43AA-9E9B-FA0569617CBF}.Release|iPhoneSimulator.Build.0 = Release|iPhoneSimulator
		{369CE067-1C96-41DB-9B8C-ABE67CC62483}.Ad-Hoc|Any CPU.ActiveCfg = Debug|Any CPU
		{369CE067-1C96-41DB-9B8C-ABE67CC62483}.Ad-Hoc|Any CPU.Build.0 = Debug|Any CPU
		{369CE067-1C96-41DB-9B8C-ABE67CC62483}.Ad-Hoc|iPhone.ActiveCfg = Debug|Any CPU
		{369CE067-1C96-41DB-9B8C-ABE67CC62483}.Ad-Hoc|iPhone.Build.0 = Debug|Any CPU
		{369CE067-1C96-41DB-9B8C-ABE67CC62483}.Ad-Hoc|iPhoneSimulator.ActiveCfg = Debug|Any CPU
		{369CE067-1C96-41DB-9B8C-ABE67CC62483}.Ad-Hoc|iPhoneSimulator.Build.0 = Debug|Any CPU
		{369CE067-1C96-41DB-9B8C-ABE67CC62483}.AppStore|Any CPU.ActiveCfg = Debug|Any CPU
		{369CE067-1C96-41DB-9B8C-ABE67CC62483}.AppStore|Any CPU.Build.0 = Debug|Any CPU
		{369CE067-1C96-41DB-9B8C-ABE67CC62483}.AppStore|iPhone.ActiveCfg = Debug|Any CPU
		{369CE067-1C96-41DB-9B8C-ABE67CC62483}.AppStore|iPhone.Build.0 = Debug|Any CPU
		{369CE067-1C96-41DB-9B8C-ABE67CC62483}.AppStore|iPhoneSimulator.ActiveCfg = Debug|Any CPU
		{369CE067-1C96-41DB-9B8C-ABE67CC62483}.AppStore|iPhoneSimulator.Build.0 = Debug|Any CPU
		{369CE067-1C96-41DB-9B8C-ABE67CC62483}.Debug|Any CPU.ActiveCfg = Debug|Any CPU
		{369CE067-1C96-41DB-9B8C-ABE67CC62483}.Debug|Any CPU.Build.0 = Debug|Any CPU
		{369CE067-1C96-41DB-9B8C-ABE67CC62483}.Debug|iPhone.ActiveCfg = Debug|Any CPU
		{369CE067-1C96-41DB-9B8C-ABE67CC62483}.Debug|iPhone.Build.0 = Debug|Any CPU
		{369CE067-1C96-41DB-9B8C-ABE67CC62483}.Debug|iPhoneSimulator.ActiveCfg = Debug|Any CPU
		{369CE067-1C96-41DB-9B8C-ABE67CC62483}.Debug|iPhoneSimulator.Build.0 = Debug|Any CPU
		{369CE067-1C96-41DB-9B8C-ABE67CC62483}.Release|Any CPU.ActiveCfg = Release|Any CPU
		{369CE067-1C96-41DB-9B8C-ABE67CC62483}.Release|Any CPU.Build.0 = Release|Any CPU
		{369CE067-1C96-41DB-9B8C-ABE67CC62483}.Release|iPhone.ActiveCfg = Release|Any CPU
		{369CE067-1C96-41DB-9B8C-ABE67CC62483}.Release|iPhone.Build.0 = Release|Any CPU
		{369CE067-1C96-41DB-9B8C-ABE67CC62483}.Release|iPhoneSimulator.ActiveCfg = Release|Any CPU
		{369CE067-1C96-41DB-9B8C-ABE67CC62483}.Release|iPhoneSimulator.Build.0 = Release|Any CPU
	EndGlobalSection
	GlobalSection(SolutionProperties) = preSolution
		HideSolutionNode = FALSE
	EndGlobalSection
	GlobalSection(ExtensibilityGlobals) = postSolution
		SolutionGuid = {C1912565-2633-4620-A7D1-EDC1B0BFDAE2}
	EndGlobalSection
EndGlobal
